
Microsoft Visual Studio Solution File, Format Version 12.00
# Visual Studio Version 17
VisualStudioVersion = 17.4.33122.133
MinimumVisualStudioVersion = 10.0.40219.1
Project("{2150E333-8FDC-42A3-9474-1A3956D46DE8}") = "Day1", "Day1", "{43036D08-C467-46DE-96CF-1B455AFC2980}"
EndProject
Project("{9A19103F-16F7-4668-BE54-9A1E7A4F7556}") = "Day1.App", "Day1\Day1.App\Day1.App.csproj", "{C55E3F27-9982-4D45-AB19-C8B09FAC0A9F}"
EndProject
Project("{2150E333-8FDC-42A3-9474-1A3956D46DE8}") = "Day2", "Day2", "{D1857ADF-503B-45E1-8517-CD76F4D7E6B8}"
EndProject
Project("{FAE04EC0-301F-11D3-BF4B-00C04F79EFBC}") = "Day2.App", "Day2\Day2.App\Day2.App.csproj", "{B8076173-A4A9-474E-9440-0EC267D359CE}"
EndProject
Global
	GlobalSection(SolutionConfigurationPlatforms) = preSolution
		Debug|Any CPU = Debug|Any CPU
		Release|Any CPU = Release|Any CPU
	EndGlobalSection
	GlobalSection(ProjectConfigurationPlatforms) = postSolution
		{C55E3F27-9982-4D45-AB19-C8B09FAC0A9F}.Debug|Any CPU.ActiveCfg = Debug|Any CPU
		{C55E3F27-9982-4D45-AB19-C8B09FAC0A9F}.Debug|Any CPU.Build.0 = Debug|Any CPU
		{C55E3F27-9982-4D45-AB19-C8B09FAC0A9F}.Release|Any CPU.ActiveCfg = Release|Any CPU
		{C55E3F27-9982-4D45-AB19-C8B09FAC0A9F}.Release|Any CPU.Build.0 = Release|Any CPU
		{B8076173-A4A9-474E-9440-0EC267D359CE}.Debug|Any CPU.ActiveCfg = Debug|Any CPU
		{B8076173-A4A9-474E-9440-0EC267D359CE}.Debug|Any CPU.Build.0 = Debug|Any CPU
		{B8076173-A4A9-474E-9440-0EC267D359CE}.Release|Any CPU.ActiveCfg = Release|Any CPU
		{B8076173-A4A9-474E-9440-0EC267D359CE}.Release|Any CPU.Build.0 = Release|Any CPU
	EndGlobalSection
	GlobalSection(SolutionProperties) = preSolution
		HideSolutionNode = FALSE
	EndGlobalSection
	GlobalSection(NestedProjects) = preSolution
		{C55E3F27-9982-4D45-AB19-C8B09FAC0A9F} = {43036D08-C467-46DE-96CF-1B455AFC2980}
		{B8076173-A4A9-474E-9440-0EC267D359CE} = {D1857ADF-503B-45E1-8517-CD76F4D7E6B8}
	EndGlobalSection
	GlobalSection(ExtensibilityGlobals) = postSolution
		SolutionGuid = {5B53DDE6-EE10-4A3E-9B9A-E1377EFC3FE6}
	EndGlobalSection
EndGlobal
