
Microsoft Visual Studio Solution File, Format Version 12.00
# Visual Studio Version 17
VisualStudioVersion = 17.4.33122.133
MinimumVisualStudioVersion = 10.0.40219.1
Project("{2150E333-8FDC-42A3-9474-1A3956D46DE8}") = "Day1", "Day1", "{43036D08-C467-46DE-96CF-1B455AFC2980}"
EndProject
Project("{9A19103F-16F7-4668-BE54-9A1E7A4F7556}") = "Day1.App", "Day1\Day1.App\Day1.App.csproj", "{C55E3F27-9982-4D45-AB19-C8B09FAC0A9F}"
EndProject
Project("{2150E333-8FDC-42A3-9474-1A3956D46DE8}") = "Day2", "Day2", "{D1857ADF-503B-45E1-8517-CD76F4D7E6B8}"
EndProject
Project("{9A19103F-16F7-4668-BE54-9A1E7A4F7556}") = "Day2.App", "Day2\Day2.App\Day2.App.csproj", "{B8076173-A4A9-474E-9440-0EC267D359CE}"
EndProject
Project("{2150E333-8FDC-42A3-9474-1A3956D46DE8}") = "Day3", "Day3", "{AFB6AE76-2371-44C6-B1A1-22982774D485}"
EndProject
Project("{9A19103F-16F7-4668-BE54-9A1E7A4F7556}") = "Day3.App", "Day3\Day3.App\Day3.App.csproj", "{113074EA-0A5C-4F62-BABF-F9B9FCDA0AFE}"
EndProject
Project("{2150E333-8FDC-42A3-9474-1A3956D46DE8}") = "Day4", "Day4", "{EC1A56F7-87AF-44DA-8AB2-053E01AA7446}"
EndProject
Project("{9A19103F-16F7-4668-BE54-9A1E7A4F7556}") = "Day4.App", "Day4\Day4.App\Day4.App.csproj", "{9001127A-B7FD-4B77-9151-C1E18EA237E5}"
EndProject
Project("{2150E333-8FDC-42A3-9474-1A3956D46DE8}") = "Day5", "Day5", "{F81D3460-3DDA-4F5B-A766-BAF0AA4E689F}"
EndProject
Project("{9A19103F-16F7-4668-BE54-9A1E7A4F7556}") = "Day5.App", "Day5\Day5.App\Day5.App.csproj", "{9A742151-DA23-47FE-BD4D-D1CFCFC6EE17}"
EndProject
Project("{2150E333-8FDC-42A3-9474-1A3956D46DE8}") = "Day6", "Day6", "{DF0D5D7C-A053-49E9-BBF2-29F669727DD5}"
EndProject
Project("{FAE04EC0-301F-11D3-BF4B-00C04F79EFBC}") = "Day6.App", "Day6\Day6.App\Day6.App.csproj", "{E272CA42-214C-497A-BEDC-4DC923895B23}"
EndProject
Project("{FAE04EC0-301F-11D3-BF4B-00C04F79EFBC}") = "Day6.Tests", "Day6\Day6.Tests\Day6.Tests.csproj", "{08342B92-E581-4564-B87D-6F6A78DD45D7}"
EndProject
Global
	GlobalSection(SolutionConfigurationPlatforms) = preSolution
		Debug|Any CPU = Debug|Any CPU
		Release|Any CPU = Release|Any CPU
	EndGlobalSection
	GlobalSection(ProjectConfigurationPlatforms) = postSolution
		{C55E3F27-9982-4D45-AB19-C8B09FAC0A9F}.Debug|Any CPU.ActiveCfg = Debug|Any CPU
		{C55E3F27-9982-4D45-AB19-C8B09FAC0A9F}.Debug|Any CPU.Build.0 = Debug|Any CPU
		{C55E3F27-9982-4D45-AB19-C8B09FAC0A9F}.Release|Any CPU.ActiveCfg = Release|Any CPU
		{C55E3F27-9982-4D45-AB19-C8B09FAC0A9F}.Release|Any CPU.Build.0 = Release|Any CPU
		{B8076173-A4A9-474E-9440-0EC267D359CE}.Debug|Any CPU.ActiveCfg = Debug|Any CPU
		{B8076173-A4A9-474E-9440-0EC267D359CE}.Debug|Any CPU.Build.0 = Debug|Any CPU
		{B8076173-A4A9-474E-9440-0EC267D359CE}.Release|Any CPU.ActiveCfg = Release|Any CPU
		{B8076173-A4A9-474E-9440-0EC267D359CE}.Release|Any CPU.Build.0 = Release|Any CPU
		{113074EA-0A5C-4F62-BABF-F9B9FCDA0AFE}.Debug|Any CPU.ActiveCfg = Debug|Any CPU
		{113074EA-0A5C-4F62-BABF-F9B9FCDA0AFE}.Debug|Any CPU.Build.0 = Debug|Any CPU
		{113074EA-0A5C-4F62-BABF-F9B9FCDA0AFE}.Release|Any CPU.ActiveCfg = Release|Any CPU
		{113074EA-0A5C-4F62-BABF-F9B9FCDA0AFE}.Release|Any CPU.Build.0 = Release|Any CPU
		{9001127A-B7FD-4B77-9151-C1E18EA237E5}.Debug|Any CPU.ActiveCfg = Debug|Any CPU
		{9001127A-B7FD-4B77-9151-C1E18EA237E5}.Debug|Any CPU.Build.0 = Debug|Any CPU
		{9001127A-B7FD-4B77-9151-C1E18EA237E5}.Release|Any CPU.ActiveCfg = Release|Any CPU
		{9001127A-B7FD-4B77-9151-C1E18EA237E5}.Release|Any CPU.Build.0 = Release|Any CPU
		{9A742151-DA23-47FE-BD4D-D1CFCFC6EE17}.Debug|Any CPU.ActiveCfg = Debug|Any CPU
		{9A742151-DA23-47FE-BD4D-D1CFCFC6EE17}.Debug|Any CPU.Build.0 = Debug|Any CPU
		{9A742151-DA23-47FE-BD4D-D1CFCFC6EE17}.Release|Any CPU.ActiveCfg = Release|Any CPU
		{9A742151-DA23-47FE-BD4D-D1CFCFC6EE17}.Release|Any CPU.Build.0 = Release|Any CPU
		{E272CA42-214C-497A-BEDC-4DC923895B23}.Debug|Any CPU.ActiveCfg = Debug|Any CPU
		{E272CA42-214C-497A-BEDC-4DC923895B23}.Debug|Any CPU.Build.0 = Debug|Any CPU
		{E272CA42-214C-497A-BEDC-4DC923895B23}.Release|Any CPU.ActiveCfg = Release|Any CPU
		{E272CA42-214C-497A-BEDC-4DC923895B23}.Release|Any CPU.Build.0 = Release|Any CPU
		{08342B92-E581-4564-B87D-6F6A78DD45D7}.Debug|Any CPU.ActiveCfg = Debug|Any CPU
		{08342B92-E581-4564-B87D-6F6A78DD45D7}.Debug|Any CPU.Build.0 = Debug|Any CPU
		{08342B92-E581-4564-B87D-6F6A78DD45D7}.Release|Any CPU.ActiveCfg = Release|Any CPU
		{08342B92-E581-4564-B87D-6F6A78DD45D7}.Release|Any CPU.Build.0 = Release|Any CPU
	EndGlobalSection
	GlobalSection(SolutionProperties) = preSolution
		HideSolutionNode = FALSE
	EndGlobalSection
	GlobalSection(NestedProjects) = preSolution
		{C55E3F27-9982-4D45-AB19-C8B09FAC0A9F} = {43036D08-C467-46DE-96CF-1B455AFC2980}
		{B8076173-A4A9-474E-9440-0EC267D359CE} = {D1857ADF-503B-45E1-8517-CD76F4D7E6B8}
		{113074EA-0A5C-4F62-BABF-F9B9FCDA0AFE} = {AFB6AE76-2371-44C6-B1A1-22982774D485}
		{9001127A-B7FD-4B77-9151-C1E18EA237E5} = {EC1A56F7-87AF-44DA-8AB2-053E01AA7446}
		{9A742151-DA23-47FE-BD4D-D1CFCFC6EE17} = {F81D3460-3DDA-4F5B-A766-BAF0AA4E689F}
		{E272CA42-214C-497A-BEDC-4DC923895B23} = {DF0D5D7C-A053-49E9-BBF2-29F669727DD5}
		{08342B92-E581-4564-B87D-6F6A78DD45D7} = {DF0D5D7C-A053-49E9-BBF2-29F669727DD5}
	EndGlobalSection
	GlobalSection(ExtensibilityGlobals) = postSolution
		SolutionGuid = {5B53DDE6-EE10-4A3E-9B9A-E1377EFC3FE6}
	EndGlobalSection
EndGlobal
